
Microsoft Visual Studio Solution File, Format Version 12.00
# Visual Studio 2013
VisualStudioVersion = 12.0.40629.0
MinimumVisualStudioVersion = 10.0.40219.1
Project("{8BC9CEB8-8B4A-11D0-8D11-00A0C91BC942}") = "apiproxy", "apiproxy.vcxproj", "{0FBD1CEA-542A-4883-9A60-F3ED0C54FCF7}"
EndProject
Project("{8BC9CEB8-8B4A-11D0-8D11-00A0C91BC942}") = "client", "client\client.vcxproj", "{3530410B-6196-4EAD-AD20-F2E04422D9D9}"
EndProject
Global
	GlobalSection(SolutionConfigurationPlatforms) = preSolution
		Debug|Win32 = Debug|Win32
		Release|Win32 = Release|Win32
		Template|Win32 = Template|Win32
	EndGlobalSection
	GlobalSection(ProjectConfigurationPlatforms) = postSolution
		{0FBD1CEA-542A-4883-9A60-F3ED0C54FCF7}.Debug|Win32.ActiveCfg = Debug|Win32
		{0FBD1CEA-542A-4883-9A60-F3ED0C54FCF7}.Debug|Win32.Build.0 = Debug|Win32
		{0FBD1CEA-542A-4883-9A60-F3ED0C54FCF7}.Release|Win32.ActiveCfg = Release|Win32
		{0FBD1CEA-542A-4883-9A60-F3ED0C54FCF7}.Release|Win32.Build.0 = Release|Win32
		{0FBD1CEA-542A-4883-9A60-F3ED0C54FCF7}.Template|Win32.ActiveCfg = Release|Win32
		{0FBD1CEA-542A-4883-9A60-F3ED0C54FCF7}.Template|Win32.Build.0 = Release|Win32
		{3530410B-6196-4EAD-AD20-F2E04422D9D9}.Debug|Win32.ActiveCfg = Debug|Win32
		{3530410B-6196-4EAD-AD20-F2E04422D9D9}.Debug|Win32.Build.0 = Debug|Win32
		{3530410B-6196-4EAD-AD20-F2E04422D9D9}.Release|Win32.ActiveCfg = Release|Win32
		{3530410B-6196-4EAD-AD20-F2E04422D9D9}.Release|Win32.Build.0 = Release|Win32
		{3530410B-6196-4EAD-AD20-F2E04422D9D9}.Template|Win32.ActiveCfg = Template|Win32
		{3530410B-6196-4EAD-AD20-F2E04422D9D9}.Template|Win32.Build.0 = Template|Win32
	EndGlobalSection
	GlobalSection(SolutionProperties) = preSolution
		HideSolutionNode = FALSE
	EndGlobalSection
EndGlobal
